
Microsoft Visual Studio Solution File, Format Version 12.00
# Visual Studio Version 17
VisualStudioVersion = 17.5.33516.290
MinimumVisualStudioVersion = 10.0.40219.1
Project("{9A19103F-16F7-4668-BE54-9A1E7A4F7556}") = "Eticaret.Web.Mvc", "Eticaret.Web.Mvc\Eticaret.Web.Mvc.csproj", "{A08CFC1F-25E6-407E-B418-8447E61FC4F1}"
EndProject
Project("{2150E333-8FDC-42A3-9474-1A3956D46DE8}") = "Solution Items", "Solution Items", "{99883FF6-71DA-4F9B-80D8-4F192BF5AABF}"
	ProjectSection(SolutionItems) = preProject
		README.md = README.md
	EndProjectSection
EndProject
Project("{9A19103F-16F7-4668-BE54-9A1E7A4F7556}") = "Eticaret.Data", "Eticaret.Data\Eticaret.Data.csproj", "{BAB64801-70D0-4175-B97A-7E48B2C88B88}"
EndProject
Project("{9A19103F-16F7-4668-BE54-9A1E7A4F7556}") = "Eticaret.Business", "Eticaret.Business\Eticaret.Business.csproj", "{9117E615-D2DD-4E12-9B98-C8AD1567CE18}"
EndProject
Project("{9A19103F-16F7-4668-BE54-9A1E7A4F7556}") = "Eticaret.SharedLibrary", "Eticaret.SharedLibrary\Eticaret.SharedLibrary.csproj", "{1D619CE3-8441-43A8-8283-3475DCE4E90E}"
EndProject
Project("{2150E333-8FDC-42A3-9474-1A3956D46DE8}") = "Docs", "Docs", "{EA34B0CE-89A1-403D-97DB-942AE0E34FC0}"
	ProjectSection(SolutionItems) = preProject
		Docs\Katmanlı Mimarı.drawio = Docs\Katmanlı Mimarı.drawio
	EndProjectSection
EndProject
Project("{FAE04EC0-301F-11D3-BF4B-00C04F79EFBC}") = "Eticaret.Web.Api", "Eticaret.Web.Api\Eticaret.Web.Api.csproj", "{F2407021-1479-4BBD-8374-1A2034A174B9}"
EndProject
Global
	GlobalSection(SolutionConfigurationPlatforms) = preSolution
		Debug|Any CPU = Debug|Any CPU
		Release|Any CPU = Release|Any CPU
	EndGlobalSection
	GlobalSection(ProjectConfigurationPlatforms) = postSolution
		{A08CFC1F-25E6-407E-B418-8447E61FC4F1}.Debug|Any CPU.ActiveCfg = Debug|Any CPU
		{A08CFC1F-25E6-407E-B418-8447E61FC4F1}.Debug|Any CPU.Build.0 = Debug|Any CPU
		{A08CFC1F-25E6-407E-B418-8447E61FC4F1}.Release|Any CPU.ActiveCfg = Release|Any CPU
		{A08CFC1F-25E6-407E-B418-8447E61FC4F1}.Release|Any CPU.Build.0 = Release|Any CPU
		{BAB64801-70D0-4175-B97A-7E48B2C88B88}.Debug|Any CPU.ActiveCfg = Debug|Any CPU
		{BAB64801-70D0-4175-B97A-7E48B2C88B88}.Debug|Any CPU.Build.0 = Debug|Any CPU
		{BAB64801-70D0-4175-B97A-7E48B2C88B88}.Release|Any CPU.ActiveCfg = Release|Any CPU
		{BAB64801-70D0-4175-B97A-7E48B2C88B88}.Release|Any CPU.Build.0 = Release|Any CPU
		{9117E615-D2DD-4E12-9B98-C8AD1567CE18}.Debug|Any CPU.ActiveCfg = Debug|Any CPU
		{9117E615-D2DD-4E12-9B98-C8AD1567CE18}.Debug|Any CPU.Build.0 = Debug|Any CPU
		{9117E615-D2DD-4E12-9B98-C8AD1567CE18}.Release|Any CPU.ActiveCfg = Release|Any CPU
		{9117E615-D2DD-4E12-9B98-C8AD1567CE18}.Release|Any CPU.Build.0 = Release|Any CPU
		{1D619CE3-8441-43A8-8283-3475DCE4E90E}.Debug|Any CPU.ActiveCfg = Debug|Any CPU
		{1D619CE3-8441-43A8-8283-3475DCE4E90E}.Debug|Any CPU.Build.0 = Debug|Any CPU
		{1D619CE3-8441-43A8-8283-3475DCE4E90E}.Release|Any CPU.ActiveCfg = Release|Any CPU
		{1D619CE3-8441-43A8-8283-3475DCE4E90E}.Release|Any CPU.Build.0 = Release|Any CPU
		{F2407021-1479-4BBD-8374-1A2034A174B9}.Debug|Any CPU.ActiveCfg = Debug|Any CPU
		{F2407021-1479-4BBD-8374-1A2034A174B9}.Debug|Any CPU.Build.0 = Debug|Any CPU
		{F2407021-1479-4BBD-8374-1A2034A174B9}.Release|Any CPU.ActiveCfg = Release|Any CPU
		{F2407021-1479-4BBD-8374-1A2034A174B9}.Release|Any CPU.Build.0 = Release|Any CPU
	EndGlobalSection
	GlobalSection(SolutionProperties) = preSolution
		HideSolutionNode = FALSE
	EndGlobalSection
	GlobalSection(NestedProjects) = preSolution
		{EA34B0CE-89A1-403D-97DB-942AE0E34FC0} = {99883FF6-71DA-4F9B-80D8-4F192BF5AABF}
	EndGlobalSection
	GlobalSection(ExtensibilityGlobals) = postSolution
		SolutionGuid = {81195F8B-CBA8-4D4F-BF49-92D3714F0128}
	EndGlobalSection
EndGlobal
